// !$*UTF8*$!
{
	archiveVersion = 1;
	classes = {
	};
	objectVersion = 46;
	objects = {

/* Begin PBXBuildFile section */
		261CB0D21B31F55D0056281F /* AppDelegate.swift in Sources */ = {isa = PBXBuildFile; fileRef = 261CB0D11B31F55D0056281F /* AppDelegate.swift */; };
		261CB0D51B31F55D0056281F /* ios.xcdatamodeld in Sources */ = {isa = PBXBuildFile; fileRef = 261CB0D31B31F55D0056281F /* ios.xcdatamodeld */; };
		261CB0D71B31F55D0056281F /* ViewController.swift in Sources */ = {isa = PBXBuildFile; fileRef = 261CB0D61B31F55D0056281F /* ViewController.swift */; };
		261CB0DA1B31F55D0056281F /* Main.storyboard in Resources */ = {isa = PBXBuildFile; fileRef = 261CB0D81B31F55D0056281F /* Main.storyboard */; };
		261CB0DC1B31F55D0056281F /* Images.xcassets in Resources */ = {isa = PBXBuildFile; fileRef = 261CB0DB1B31F55D0056281F /* Images.xcassets */; };
		261CB0DF1B31F55D0056281F /* LaunchScreen.xib in Resources */ = {isa = PBXBuildFile; fileRef = 261CB0DD1B31F55D0056281F /* LaunchScreen.xib */; };
		261CB0EB1B31F55D0056281F /* iosTests.swift in Sources */ = {isa = PBXBuildFile; fileRef = 261CB0EA1B31F55D0056281F /* iosTests.swift */; };
		261CB0F51B31F6390056281F /* Friend.swift in Sources */ = {isa = PBXBuildFile; fileRef = 261CB0F41B31F6390056281F /* Friend.swift */; };
/* End PBXBuildFile section */

/* Begin PBXContainerItemProxy section */
		261CB0E51B31F55D0056281F /* PBXContainerItemProxy */ = {
			isa = PBXContainerItemProxy;
			containerPortal = 261CB0C41B31F55D0056281F /* Project object */;
			proxyType = 1;
			remoteGlobalIDString = 261CB0CB1B31F55D0056281F;
			remoteInfo = ios;
		};
/* End PBXContainerItemProxy section */

/* Begin PBXFileReference section */
		261CB0CC1B31F55D0056281F /* ios.app */ = {isa = PBXFileReference; explicitFileType = wrapper.application; includeInIndex = 0; path = ios.app; sourceTree = BUILT_PRODUCTS_DIR; };
		261CB0D01B31F55D0056281F /* Info.plist */ = {isa = PBXFileReference; lastKnownFileType = text.plist.xml; path = Info.plist; sourceTree = "<group>"; };
		261CB0D11B31F55D0056281F /* AppDelegate.swift */ = {isa = PBXFileReference; lastKnownFileType = sourcecode.swift; path = AppDelegate.swift; sourceTree = "<group>"; };
		261CB0D41B31F55D0056281F /* ios.xcdatamodel */ = {isa = PBXFileReference; lastKnownFileType = wrapper.xcdatamodel; path = ios.xcdatamodel; sourceTree = "<group>"; };
		261CB0D61B31F55D0056281F /* ViewController.swift */ = {isa = PBXFileReference; lastKnownFileType = sourcecode.swift; path = ViewController.swift; sourceTree = "<group>"; };
		261CB0D91B31F55D0056281F /* Base */ = {isa = PBXFileReference; lastKnownFileType = file.storyboard; name = Base; path = Base.lproj/Main.storyboard; sourceTree = "<group>"; };
		261CB0DB1B31F55D0056281F /* Images.xcassets */ = {isa = PBXFileReference; lastKnownFileType = folder.assetcatalog; path = Images.xcassets; sourceTree = "<group>"; };
		261CB0DE1B31F55D0056281F /* Base */ = {isa = PBXFileReference; lastKnownFileType = file.xib; name = Base; path = Base.lproj/LaunchScreen.xib; sourceTree = "<group>"; };
		261CB0E41B31F55D0056281F /* iosTests.xctest */ = {isa = PBXFileReference; explicitFileType = wrapper.cfbundle; includeInIndex = 0; path = iosTests.xctest; sourceTree = BUILT_PRODUCTS_DIR; };
		261CB0E91B31F55D0056281F /* Info.plist */ = {isa = PBXFileReference; lastKnownFileType = text.plist.xml; path = Info.plist; sourceTree = "<group>"; };
		261CB0EA1B31F55D0056281F /* iosTests.swift */ = {isa = PBXFileReference; lastKnownFileType = sourcecode.swift; path = iosTests.swift; sourceTree = "<group>"; };
		261CB0F41B31F6390056281F /* Friend.swift */ = {isa = PBXFileReference; fileEncoding = 4; lastKnownFileType = sourcecode.swift; name = Friend.swift; path = ../Friend.swift; sourceTree = "<group>"; };
/* End PBXFileReference section */

/* Begin PBXFrameworksBuildPhase section */
		261CB0C91B31F55D0056281F /* Frameworks */ = {
			isa = PBXFrameworksBuildPhase;
			buildActionMask = 2147483647;
			files = (
			);
			runOnlyForDeploymentPostprocessing = 0;
		};
		261CB0E11B31F55D0056281F /* Frameworks */ = {
			isa = PBXFrameworksBuildPhase;
			buildActionMask = 2147483647;
			files = (
			);
			runOnlyForDeploymentPostprocessing = 0;
		};
/* End PBXFrameworksBuildPhase section */

/* Begin PBXGroup section */
		261CB0C31B31F55D0056281F = {
			isa = PBXGroup;
			children = (
				261CB0CE1B31F55D0056281F /* ios */,
				261CB0E71B31F55D0056281F /* iosTests */,
				261CB0CD1B31F55D0056281F /* Products */,
			);
			sourceTree = "<group>";
		};
		261CB0CD1B31F55D0056281F /* Products */ = {
			isa = PBXGroup;
			children = (
				261CB0CC1B31F55D0056281F /* ios.app */,
				261CB0E41B31F55D0056281F /* iosTests.xctest */,
			);
			name = Products;
			sourceTree = "<group>";
		};
		261CB0CE1B31F55D0056281F /* ios */ = {
			isa = PBXGroup;
			children = (
				261CB0F41B31F6390056281F /* Friend.swift */,
				261CB0D11B31F55D0056281F /* AppDelegate.swift */,
				261CB0D61B31F55D0056281F /* ViewController.swift */,
				261CB0D81B31F55D0056281F /* Main.storyboard */,
				261CB0DB1B31F55D0056281F /* Images.xcassets */,
				261CB0DD1B31F55D0056281F /* LaunchScreen.xib */,
				261CB0D31B31F55D0056281F /* ios.xcdatamodeld */,
				261CB0CF1B31F55D0056281F /* Supporting Files */,
			);
			path = ios;
			sourceTree = "<group>";
		};
		261CB0CF1B31F55D0056281F /* Supporting Files */ = {
			isa = PBXGroup;
			children = (
				261CB0D01B31F55D0056281F /* Info.plist */,
			);
			name = "Supporting Files";
			sourceTree = "<group>";
		};
		261CB0E71B31F55D0056281F /* iosTests */ = {
			isa = PBXGroup;
			children = (
				261CB0EA1B31F55D0056281F /* iosTests.swift */,
				261CB0E81B31F55D0056281F /* Supporting Files */,
			);
			path = iosTests;
			sourceTree = "<group>";
		};
		261CB0E81B31F55D0056281F /* Supporting Files */ = {
			isa = PBXGroup;
			children = (
				261CB0E91B31F55D0056281F /* Info.plist */,
			);
			name = "Supporting Files";
			sourceTree = "<group>";
		};
/* End PBXGroup section */

/* Begin PBXNativeTarget section */
		261CB0CB1B31F55D0056281F /* ios */ = {
			isa = PBXNativeTarget;
			buildConfigurationList = 261CB0EE1B31F55D0056281F /* Build configuration list for PBXNativeTarget "ios" */;
			buildPhases = (
				261CB0C81B31F55D0056281F /* Sources */,
				261CB0C91B31F55D0056281F /* Frameworks */,
				261CB0CA1B31F55D0056281F /* Resources */,
			);
			buildRules = (
			);
			dependencies = (
			);
			name = ios;
			productName = ios;
			productReference = 261CB0CC1B31F55D0056281F /* ios.app */;
			productType = "com.apple.product-type.application";
		};
		261CB0E31B31F55D0056281F /* iosTests */ = {
			isa = PBXNativeTarget;
			buildConfigurationList = 261CB0F11B31F55D0056281F /* Build configuration list for PBXNativeTarget "iosTests" */;
			buildPhases = (
				261CB0E01B31F55D0056281F /* Sources */,
				261CB0E11B31F55D0056281F /* Frameworks */,
				261CB0E21B31F55D0056281F /* Resources */,
			);
			buildRules = (
			);
			dependencies = (
				261CB0E61B31F55D0056281F /* PBXTargetDependency */,
			);
			name = iosTests;
			productName = iosTests;
			productReference = 261CB0E41B31F55D0056281F /* iosTests.xctest */;
			productType = "com.apple.product-type.bundle.unit-test";
		};
/* End PBXNativeTarget section */

/* Begin PBXProject section */
		261CB0C41B31F55D0056281F /* Project object */ = {
			isa = PBXProject;
			attributes = {
				LastUpgradeCheck = 0630;
				ORGANIZATIONNAME = "Shain Lafazan";
				TargetAttributes = {
					261CB0CB1B31F55D0056281F = {
						CreatedOnToolsVersion = 6.3.2;
					};
					261CB0E31B31F55D0056281F = {
						CreatedOnToolsVersion = 6.3.2;
						TestTargetID = 261CB0CB1B31F55D0056281F;
					};
				};
			};
			buildConfigurationList = 261CB0C71B31F55D0056281F /* Build configuration list for PBXProject "ios" */;
			compatibilityVersion = "Xcode 3.2";
			developmentRegion = English;
			hasScannedForEncodings = 0;
			knownRegions = (
				en,
				Base,
			);
			mainGroup = 261CB0C31B31F55D0056281F;
			productRefGroup = 261CB0CD1B31F55D0056281F /* Products */;
			projectDirPath = "";
			projectRoot = "";
			targets = (
				261CB0CB1B31F55D0056281F /* ios */,
				261CB0E31B31F55D0056281F /* iosTests */,
			);
		};
/* End PBXProject section */

/* Begin PBXResourcesBuildPhase section */
		261CB0CA1B31F55D0056281F /* Resources */ = {
			isa = PBXResourcesBuildPhase;
			buildActionMask = 2147483647;
			files = (
				261CB0DA1B31F55D0056281F /* Main.storyboard in Resources */,
				261CB0DF1B31F55D0056281F /* LaunchScreen.xib in Resources */,
				261CB0DC1B31F55D0056281F /* Images.xcassets in Resources */,
			);
			runOnlyForDeploymentPostprocessing = 0;
		};
		261CB0E21B31F55D0056281F /* Resources */ = {
			isa = PBXResourcesBuildPhase;
			buildActionMask = 2147483647;
			files = (
			);
			runOnlyForDeploymentPostprocessing = 0;
		};
/* End PBXResourcesBuildPhase section */

/* Begin PBXSourcesBuildPhase section */
		261CB0C81B31F55D0056281F /* Sources */ = {
			isa = PBXSourcesBuildPhase;
			buildActionMask = 2147483647;
			files = (
				261CB0D71B31F55D0056281F /* ViewController.swift in Sources */,
				261CB0D21B31F55D0056281F /* AppDelegate.swift in Sources */,
				261CB0D51B31F55D0056281F /* ios.xcdatamodeld in Sources */,
				261CB0F51B31F6390056281F /* Friend.swift in Sources */,
			);
			runOnlyForDeploymentPostprocessing = 0;
		};
		261CB0E01B31F55D0056281F /* Sources */ = {
			isa = PBXSourcesBuildPhase;
			buildActionMask = 2147483647;
			files = (
				261CB0EB1B31F55D0056281F /* iosTests.swift in Sources */,
			);
			runOnlyForDeploymentPostprocessing = 0;
		};
/* End PBXSourcesBuildPhase section */

/* Begin PBXTargetDependency section */
		261CB0E61B31F55D0056281F /* PBXTargetDependency */ = {
			isa = PBXTargetDependency;
			target = 261CB0CB1B31F55D0056281F /* ios */;
			targetProxy = 261CB0E51B31F55D0056281F /* PBXContainerItemProxy */;
		};
/* End PBXTargetDependency section */

/* Begin PBXVariantGroup section */
		261CB0D81B31F55D0056281F /* Main.storyboard */ = {
			isa = PBXVariantGroup;
			children = (
				261CB0D91B31F55D0056281F /* Base */,
			);
			name = Main.storyboard;
			sourceTree = "<group>";
		};
		261CB0DD1B31F55D0056281F /* LaunchScreen.xib */ = {
			isa = PBXVariantGroup;
			children = (
				261CB0DE1B31F55D0056281F /* Base */,
			);
			name = LaunchScreen.xib;
			sourceTree = "<group>";
		};
/* End PBXVariantGroup section */

/* Begin XCBuildConfiguration section */
		261CB0EC1B31F55D0056281F /* Debug */ = {
			isa = XCBuildConfiguration;
			buildSettings = {
				ALWAYS_SEARCH_USER_PATHS = NO;
				CLANG_CXX_LANGUAGE_STANDARD = "gnu++0x";
				CLANG_CXX_LIBRARY = "libc++";
				CLANG_ENABLE_MODULES = YES;
				CLANG_ENABLE_OBJC_ARC = YES;
				CLANG_WARN_BOOL_CONVERSION = YES;
				CLANG_WARN_CONSTANT_CONVERSION = YES;
				CLANG_WARN_DIRECT_OBJC_ISA_USAGE = YES_ERROR;
				CLANG_WARN_EMPTY_BODY = YES;
				CLANG_WARN_ENUM_CONVERSION = YES;
				CLANG_WARN_INT_CONVERSION = YES;
				CLANG_WARN_OBJC_ROOT_CLASS = YES_ERROR;
				CLANG_WARN_UNREACHABLE_CODE = YES;
				CLANG_WARN__DUPLICATE_METHOD_MATCH = YES;
				"CODE_SIGN_IDENTITY[sdk=iphoneos*]" = "iPhone Developer";
				COPY_PHASE_STRIP = NO;
				DEBUG_INFORMATION_FORMAT = "dwarf-with-dsym";
				ENABLE_STRICT_OBJC_MSGSEND = YES;
				GCC_C_LANGUAGE_STANDARD = gnu99;
				GCC_DYNAMIC_NO_PIC = NO;
				GCC_NO_COMMON_BLOCKS = YES;
				GCC_OPTIMIZATION_LEVEL = 0;
				GCC_PREPROCESSOR_DEFINITIONS = (
					"DEBUG=1",
					"$(inherited)",
				);
				GCC_SYMBOLS_PRIVATE_EXTERN = NO;
				GCC_WARN_64_TO_32_BIT_CONVERSION = YES;
				GCC_WARN_ABOUT_RETURN_TYPE = YES_ERROR;
				GCC_WARN_UNDECLARED_SELECTOR = YES;
				GCC_WARN_UNINITIALIZED_AUTOS = YES_AGGRESSIVE;
				GCC_WARN_UNUSED_FUNCTION = YES;
				GCC_WARN_UNUSED_VARIABLE = YES;
				IPHONEOS_DEPLOYMENT_TARGET = 8.3;
				MTL_ENABLE_DEBUG_INFO = YES;
				ONLY_ACTIVE_ARCH = YES;
				SDKROOT = iphoneos;
				SWIFT_OPTIMIZATION_LEVEL = "-Onone";
				TARGETED_DEVICE_FAMILY = "1,2";
			};
			name = Debug;
		};
		261CB0ED1B31F55D0056281F /* Release */ = {
			isa = XCBuildConfiguration;
			buildSettings = {
				ALWAYS_SEARCH_USER_PATHS = NO;
				CLANG_CXX_LANGUAGE_STANDARD = "gnu++0x";
				CLANG_CXX_LIBRARY = "libc++";
				CLANG_ENABLE_MODULES = YES;
				CLANG_ENABLE_OBJC_ARC = YES;
				CLANG_WARN_BOOL_CONVERSION = YES;
				CLANG_WARN_CONSTANT_CONVERSION = YES;
				CLANG_WARN_DIRECT_OBJC_ISA_USAGE = YES_ERROR;
				CLANG_WARN_EMPTY_BODY = YES;
				CLANG_WARN_ENUM_CONVERSION = YES;
				CLANG_WARN_INT_CONVERSION = YES;
				CLANG_WARN_OBJC_ROOT_CLASS = YES_ERROR;
				CLANG_WARN_UNREACHABLE_CODE = YES;
				CLANG_WARN__DUPLICATE_METHOD_MATCH = YES;
				"CODE_SIGN_IDENTITY[sdk=iphoneos*]" = "iPhone Developer";
				COPY_PHASE_STRIP = NO;
				DEBUG_INFORMATION_FORMAT = "dwarf-with-dsym";
				ENABLE_NS_ASSERTIONS = NO;
				ENABLE_STRICT_OBJC_MSGSEND = YES;
				GCC_C_LANGUAGE_STANDARD = gnu99;
				GCC_NO_COMMON_BLOCKS = YES;
				GCC_WARN_64_TO_32_BIT_CONVERSION = YES;
				GCC_WARN_ABOUT_RETURN_TYPE = YES_ERROR;
				GCC_WARN_UNDECLARED_SELECTOR = YES;
				GCC_WARN_UNINITIALIZED_AUTOS = YES_AGGRESSIVE;
				GCC_WARN_UNUSED_FUNCTION = YES;
				GCC_WARN_UNUSED_VARIABLE = YES;
				IPHONEOS_DEPLOYMENT_TARGET = 8.3;
				MTL_ENABLE_DEBUG_INFO = NO;
				SDKROOT = iphoneos;
				TARGETED_DEVICE_FAMILY = "1,2";
				VALIDATE_PRODUCT = YES;
			};
			name = Release;
		};
		261CB0EF1B31F55D0056281F /* Debug */ = {
			isa = XCBuildConfiguration;
			buildSettings = {
				ASSETCATALOG_COMPILER_APPICON_NAME = AppIcon;
				INFOPLIST_FILE = ios/Info.plist;
				LD_RUNPATH_SEARCH_PATHS = "$(inherited) @executable_path/Frameworks";
				PRODUCT_NAME = "$(TARGET_NAME)";
			};
			name = Debug;
		};
		261CB0F01B31F55D0056281F /* Release */ = {
			isa = XCBuildConfiguration;
			buildSettings = {
				ASSETCATALOG_COMPILER_APPICON_NAME = AppIcon;
				INFOPLIST_FILE = ios/Info.plist;
				LD_RUNPATH_SEARCH_PATHS = "$(inherited) @executable_path/Frameworks";
				PRODUCT_NAME = "$(TARGET_NAME)";
			};
			name = Release;
		};
		261CB0F21B31F55D0056281F /* Debug */ = {
			isa = XCBuildConfiguration;
			buildSettings = {
				BUNDLE_LOADER = "$(TEST_HOST)";
				FRAMEWORK_SEARCH_PATHS = (
					"$(SDKROOT)/Developer/Library/Frameworks",
					"$(inherited)",
				);
				GCC_PREPROCESSOR_DEFINITIONS = (
					"DEBUG=1",
					"$(inherited)",
				);
				INFOPLIST_FILE = iosTests/Info.plist;
				LD_RUNPATH_SEARCH_PATHS = "$(inherited) @executable_path/Frameworks @loader_path/Frameworks";
				PRODUCT_NAME = "$(TARGET_NAME)";
				TEST_HOST = "$(BUILT_PRODUCTS_DIR)/ios.app/ios";
			};
			name = Debug;
		};
		261CB0F31B31F55D0056281F /* Release */ = {
			isa = XCBuildConfiguration;
			buildSettings = {
				BUNDLE_LOADER = "$(TEST_HOST)";
				FRAMEWORK_SEARCH_PATHS = (
					"$(SDKROOT)/Developer/Library/Frameworks",
					"$(inherited)",
				);
				INFOPLIST_FILE = iosTests/Info.plist;
				LD_RUNPATH_SEARCH_PATHS = "$(inherited) @executable_path/Frameworks @loader_path/Frameworks";
				PRODUCT_NAME = "$(TARGET_NAME)";
				TEST_HOST = "$(BUILT_PRODUCTS_DIR)/ios.app/ios";
			};
			name = Release;
		};
/* End XCBuildConfiguration section */

/* Begin XCConfigurationList section */
		261CB0C71B31F55D0056281F /* Build configuration list for PBXProject "ios" */ = {
			isa = XCConfigurationList;
			buildConfigurations = (
				261CB0EC1B31F55D0056281F /* Debug */,
				261CB0ED1B31F55D0056281F /* Release */,
			);
			defaultConfigurationIsVisible = 0;
			defaultConfigurationName = Release;
		};
		261CB0EE1B31F55D0056281F /* Build configuration list for PBXNativeTarget "ios" */ = {
			isa = XCConfigurationList;
			buildConfigurations = (
				261CB0EF1B31F55D0056281F /* Debug */,
				261CB0F01B31F55D0056281F /* Release */,
			);
			defaultConfigurationIsVisible = 0;
		};
		261CB0F11B31F55D0056281F /* Build configuration list for PBXNativeTarget "iosTests" */ = {
			isa = XCConfigurationList;
			buildConfigurations = (
				261CB0F21B31F55D0056281F /* Debug */,
				261CB0F31B31F55D0056281F /* Release */,
			);
			defaultConfigurationIsVisible = 0;
		};
/* End XCConfigurationList section */

/* Begin XCVersionGroup section */
		261CB0D31B31F55D0056281F /* ios.xcdatamodeld */ = {
			isa = XCVersionGroup;
			children = (
				261CB0D41B31F55D0056281F /* ios.xcdatamodel */,
			);
			currentVersion = 261CB0D41B31F55D0056281F /* ios.xcdatamodel */;
			path = ios.xcdatamodeld;
			sourceTree = "<group>";
			versionGroupType = wrapper.xcdatamodel;
		};
/* End XCVersionGroup section */
	};
	rootObject = 261CB0C41B31F55D0056281F /* Project object */;
}
